
Microsoft Visual Studio Solution File, Format Version 12.00
# Visual Studio Version 17
VisualStudioVersion = 17.8.34330.188
MinimumVisualStudioVersion = 10.0.40219.1
Project("{9A19103F-16F7-4668-BE54-9A1E7A4F7556}") = "TestTask.DAL.PostgreSQL", "TestTask.DAL.PostgreSQL\TestTask.DAL.PostgreSQL.csproj", "{4EACD9B8-7D21-4848-BA97-B550DBA36D74}"
EndProject
Project("{9A19103F-16F7-4668-BE54-9A1E7A4F7556}") = "TestTask.Application", "TestTask.Application\TestTask.Application.csproj", "{E5905046-DF24-41D1-B209-DE77F31ABF59}"
EndProject
Project("{FAE04EC0-301F-11D3-BF4B-00C04F79EFBC}") = "TestTask.WebApi", "TestTask.WebApi\TestTask.WebApi.csproj", "{7482CEF7-0D5D-4E8C-9F59-96E7DE2A804D}"
EndProject
Global
	GlobalSection(SolutionConfigurationPlatforms) = preSolution
		Debug|Any CPU = Debug|Any CPU
		Release|Any CPU = Release|Any CPU
	EndGlobalSection
	GlobalSection(ProjectConfigurationPlatforms) = postSolution
		{4EACD9B8-7D21-4848-BA97-B550DBA36D74}.Debug|Any CPU.ActiveCfg = Debug|Any CPU
		{4EACD9B8-7D21-4848-BA97-B550DBA36D74}.Debug|Any CPU.Build.0 = Debug|Any CPU
		{4EACD9B8-7D21-4848-BA97-B550DBA36D74}.Release|Any CPU.ActiveCfg = Release|Any CPU
		{4EACD9B8-7D21-4848-BA97-B550DBA36D74}.Release|Any CPU.Build.0 = Release|Any CPU
		{E5905046-DF24-41D1-B209-DE77F31ABF59}.Debug|Any CPU.ActiveCfg = Debug|Any CPU
		{E5905046-DF24-41D1-B209-DE77F31ABF59}.Debug|Any CPU.Build.0 = Debug|Any CPU
		{E5905046-DF24-41D1-B209-DE77F31ABF59}.Release|Any CPU.ActiveCfg = Release|Any CPU
		{E5905046-DF24-41D1-B209-DE77F31ABF59}.Release|Any CPU.Build.0 = Release|Any CPU
		{7482CEF7-0D5D-4E8C-9F59-96E7DE2A804D}.Debug|Any CPU.ActiveCfg = Debug|Any CPU
		{7482CEF7-0D5D-4E8C-9F59-96E7DE2A804D}.Debug|Any CPU.Build.0 = Debug|Any CPU
		{7482CEF7-0D5D-4E8C-9F59-96E7DE2A804D}.Release|Any CPU.ActiveCfg = Release|Any CPU
		{7482CEF7-0D5D-4E8C-9F59-96E7DE2A804D}.Release|Any CPU.Build.0 = Release|Any CPU
	EndGlobalSection
	GlobalSection(SolutionProperties) = preSolution
		HideSolutionNode = FALSE
	EndGlobalSection
	GlobalSection(ExtensibilityGlobals) = postSolution
		SolutionGuid = {089FEAF6-E262-484D-9D78-2003CAADA13A}
	EndGlobalSection
EndGlobal
